
Microsoft Visual Studio Solution File, Format Version 12.00
# Visual Studio Version 16
VisualStudioVersion = 16.0.30104.148
MinimumVisualStudioVersion = 10.0.40219.1
Project("{9A19103F-16F7-4668-BE54-9A1E7A4F7556}") = "Algorithms.Core", "Algorithms.Core\Algorithms.Core.csproj", "{94B295D4-E17A-45C6-A45A-8A82272647CC}"
EndProject
Project("{9A19103F-16F7-4668-BE54-9A1E7A4F7556}") = "Algorithms.Test", "Algorithms.Test\Algorithms.Test.csproj", "{B8C1B729-3266-45C9-8863-FED8C6C61BAC}"
EndProject
Global
	GlobalSection(SolutionConfigurationPlatforms) = preSolution
		Debug|Any CPU = Debug|Any CPU
		Release|Any CPU = Release|Any CPU
	EndGlobalSection
	GlobalSection(ProjectConfigurationPlatforms) = postSolution
		{94B295D4-E17A-45C6-A45A-8A82272647CC}.Debug|Any CPU.ActiveCfg = Debug|Any CPU
		{94B295D4-E17A-45C6-A45A-8A82272647CC}.Debug|Any CPU.Build.0 = Debug|Any CPU
		{94B295D4-E17A-45C6-A45A-8A82272647CC}.Release|Any CPU.ActiveCfg = Release|Any CPU
		{94B295D4-E17A-45C6-A45A-8A82272647CC}.Release|Any CPU.Build.0 = Release|Any CPU
		{B8C1B729-3266-45C9-8863-FED8C6C61BAC}.Debug|Any CPU.ActiveCfg = Debug|Any CPU
		{B8C1B729-3266-45C9-8863-FED8C6C61BAC}.Debug|Any CPU.Build.0 = Debug|Any CPU
		{B8C1B729-3266-45C9-8863-FED8C6C61BAC}.Release|Any CPU.ActiveCfg = Release|Any CPU
		{B8C1B729-3266-45C9-8863-FED8C6C61BAC}.Release|Any CPU.Build.0 = Release|Any CPU
	EndGlobalSection
	GlobalSection(SolutionProperties) = preSolution
		HideSolutionNode = FALSE
	EndGlobalSection
	GlobalSection(ExtensibilityGlobals) = postSolution
		SolutionGuid = {2E128C61-E18C-4AD2-ABFF-FBEB6F1220A7}
	EndGlobalSection
EndGlobal
